<?xml version="1.0" encoding="UTF-8" standalone="yes" ?>
<CodeBlocks_project_file>
	<FileVersion major="1" minor="6" />
	<Project>
		<Option title="PrevioParcial" />
		<Option pch_mode="2" />
		<Option compiler="gcc" />
		<Build>
			<Target title="Debug">
				<Option output="bin/Debug/PrevioParcial" prefix_auto="1" extension_auto="1" />
				<Option object_output="obj/Debug/" />
				<Option type="1" />
				<Option compiler="gcc" />
				<Compiler>
					<Add option="-g" />
				</Compiler>
			</Target>
			<Target title="Release">
				<Option output="bin/Release/PrevioParcial" prefix_auto="1" extension_auto="1" />
				<Option object_output="obj/Release/" />
				<Option type="1" />
				<Option compiler="gcc" />
				<Compiler>
					<Add option="-O2" />
				</Compiler>
				<Linker>
					<Add option="-s" />
				</Linker>
			</Target>
		</Build>
		<Compiler>
			<Add option="-Wall" />
		</Compiler>
		<Unit filename="../../BIBLIOS/ParcialDesofu,c" />
		<Unit filename="../../BIBLIOS/ParcialDesofu.c">
			<Option compilerVar="CC" />
		</Unit>
		<Unit filename="../../BIBLIOS/ParcialDesofu.h" />
		<Unit filename="../../BIBLIOS/func.Mat.c">
			<Option compilerVar="CC" />
		</Unit>
		<Unit filename="../../BIBLIOS/func_Arch.c">
			<Option compilerVar="CC" />
		</Unit>
		<Unit filename="../../BIBLIOS/func_Arch.h" />
		<Unit filename="../../BIBLIOS/func_Dinamic.c">
			<Option compilerVar="CC" />
		</Unit>
		<Unit filename="../../BIBLIOS/func_Dinamic.h" />
		<Unit filename="../../BIBLIOS/func_Gen.c">
			<Option compilerVar="CC" />
		</Unit>
		<Unit filename="../../BIBLIOS/func_Gen.h" />
		<Unit filename="../../BIBLIOS/func_Mat.h" />
		<Unit filename="../../BIBLIOS/func_Strings.c">
			<Option compilerVar="CC" />
		</Unit>
		<Unit filename="../../BIBLIOS/func_Strings.h" />
		<Unit filename="../../BIBLIOS/func_Vec.c">
			<Option compilerVar="CC" />
		</Unit>
		<Unit filename="../../BIBLIOS/func_Vec.h" />
		<Unit filename="../../BIBLIOS/parcial.c">
			<Option compilerVar="CC" />
		</Unit>
		<Unit filename="../../BIBLIOS/parcial.h" />
		<Unit filename="main.c">
			<Option compilerVar="CC" />
		</Unit>
		<Extensions />
	</Project>
</CodeBlocks_project_file>
